
Microsoft Visual Studio Solution File, Format Version 12.00
# Visual Studio 15
VisualStudioVersion = 15.0.28307.1622
MinimumVisualStudioVersion = 10.0.40219.1
Project("{9A19103F-16F7-4668-BE54-9A1E7A4F7556}") = "Library", "Library\Library.csproj", "{C52452AF-BCEF-4B1A-9DC9-C6763CF8A3AF}"
EndProject
Project("{FAE04EC0-301F-11D3-BF4B-00C04F79EFBC}") = "DAL", "DAL\DAL.csproj", "{7D4A1988-323F-435B-AB0D-7889861AF06C}"
EndProject
Global
	GlobalSection(SolutionConfigurationPlatforms) = preSolution
		Debug|Any CPU = Debug|Any CPU
		Release|Any CPU = Release|Any CPU
	EndGlobalSection
	GlobalSection(ProjectConfigurationPlatforms) = postSolution
		{C52452AF-BCEF-4B1A-9DC9-C6763CF8A3AF}.Debug|Any CPU.ActiveCfg = Debug|Any CPU
		{C52452AF-BCEF-4B1A-9DC9-C6763CF8A3AF}.Debug|Any CPU.Build.0 = Debug|Any CPU
		{C52452AF-BCEF-4B1A-9DC9-C6763CF8A3AF}.Release|Any CPU.ActiveCfg = Release|Any CPU
		{C52452AF-BCEF-4B1A-9DC9-C6763CF8A3AF}.Release|Any CPU.Build.0 = Release|Any CPU
		{7D4A1988-323F-435B-AB0D-7889861AF06C}.Debug|Any CPU.ActiveCfg = Debug|Any CPU
		{7D4A1988-323F-435B-AB0D-7889861AF06C}.Debug|Any CPU.Build.0 = Debug|Any CPU
		{7D4A1988-323F-435B-AB0D-7889861AF06C}.Release|Any CPU.ActiveCfg = Release|Any CPU
		{7D4A1988-323F-435B-AB0D-7889861AF06C}.Release|Any CPU.Build.0 = Release|Any CPU
	EndGlobalSection
	GlobalSection(SolutionProperties) = preSolution
		HideSolutionNode = FALSE
	EndGlobalSection
	GlobalSection(ExtensibilityGlobals) = postSolution
		SolutionGuid = {D221952E-3B12-40A9-B521-2B21A162D300}
	EndGlobalSection
EndGlobal
